
Microsoft Visual Studio Solution File, Format Version 12.00
# Visual Studio Version 16
VisualStudioVersion = 16.0.29503.13
MinimumVisualStudioVersion = 10.0.40219.1
Project("{FAE04EC0-301F-11D3-BF4B-00C04F79EFBC}") = "GeneralSysManagement", "GeneralSysManagement\GeneralSysManagement.csproj", "{EDFE5A3F-28A5-423D-A786-52C2883A4239}"
EndProject
Project("{2150E333-8FDC-42A3-9474-1A3956D46DE8}") = "General.UI", "General.UI", "{4ACE2112-0782-4AFA-9049-FAD9348C5641}"
EndProject
Global
	GlobalSection(SolutionConfigurationPlatforms) = preSolution
		Debug|Any CPU = Debug|Any CPU
		Release|Any CPU = Release|Any CPU
	EndGlobalSection
	GlobalSection(ProjectConfigurationPlatforms) = postSolution
		{EDFE5A3F-28A5-423D-A786-52C2883A4239}.Debug|Any CPU.ActiveCfg = Debug|Any CPU
		{EDFE5A3F-28A5-423D-A786-52C2883A4239}.Debug|Any CPU.Build.0 = Debug|Any CPU
		{EDFE5A3F-28A5-423D-A786-52C2883A4239}.Release|Any CPU.ActiveCfg = Release|Any CPU
		{EDFE5A3F-28A5-423D-A786-52C2883A4239}.Release|Any CPU.Build.0 = Release|Any CPU
	EndGlobalSection
	GlobalSection(SolutionProperties) = preSolution
		HideSolutionNode = FALSE
	EndGlobalSection
	GlobalSection(NestedProjects) = preSolution
		{EDFE5A3F-28A5-423D-A786-52C2883A4239} = {4ACE2112-0782-4AFA-9049-FAD9348C5641}
	EndGlobalSection
	GlobalSection(ExtensibilityGlobals) = postSolution
		SolutionGuid = {9D31594A-FE2C-4643-A943-6793FE3FE517}
	EndGlobalSection
EndGlobal
